{
  "name": "twitch-channel-points",
  "version": "0.5.0",
  "lockfileVersion": 1,
  "requires": true,
  "dependencies": {
    "@types/node": {
      "version": "12.19.5",
      "resolved": "https://registry.npmjs.org/@types/node/-/node-12.19.5.tgz",
      "integrity": "sha512-Wgdl27uw/jUYUFyajUGKSjDNGxmJrZi9sjeG6UJImgUtKbJoO9aldx+1XODN1EpNDX9DirvbvHHmTsNlb8GwMA==",
      "dev": true
    },
    "jszip": {
      "version": "2.5.0",
      "resolved": "https://registry.npmjs.org/jszip/-/jszip-2.5.0.tgz",
      "integrity": "sha1-dET9hVHd8+XacZj+oMkbyDCMwnQ=",
      "dev": true,
      "requires": {
        "pako": "~0.2.5"
      }
    },
    "node-zip": {
      "version": "1.1.1",
      "resolved": "https://registry.npmjs.org/node-zip/-/node-zip-1.1.1.tgz",
      "integrity": "sha1-lNGtZ0o81GoViN1zb0qaeMdX62I=",
      "dev": true,
      "requires": {
        "jszip": "2.5.0"
      }
    },
    "pako": {
      "version": "0.2.9",
      "resolved": "https://registry.npmjs.org/pako/-/pako-0.2.9.tgz",
      "integrity": "sha1-8/dSL073gjSNqBYbrZ7P1Rv4OnU=",
      "dev": true
    },
    "typescript": {
      "version": "3.9.7",
      "resolved": "https://registry.npmjs.org/typescript/-/typescript-3.9.7.tgz",
      "integrity": "sha512-BLbiRkiBzAwsjut4x/dsibSTB6yWpwT5qWmC2OfuCg3GgVQCSgMs4vEctYPhsaGtd0AeuuHMkjZ2h2WG8MSzRw==",
      "dev": true
    }
  }
}
